// !$*UTF8*$!
{
	archiveVersion = 1;
	classes = {
	};
	objectVersion = 46;
	objects = {

/* Begin PBXBuildFile section */
		3EC7981D1E2C47F2000382FA /* AppDelegate.swift in Sources */ = {isa = PBXBuildFile; fileRef = 3EC7981C1E2C47F2000382FA /* AppDelegate.swift */; };
		3EC7981F1E2C47F2000382FA /* ViewController.swift in Sources */ = {isa = PBXBuildFile; fileRef = 3EC7981E1E2C47F2000382FA /* ViewController.swift */; };
		3EC798221E2C47F2000382FA /* Main.storyboard in Resources */ = {isa = PBXBuildFile; fileRef = 3EC798201E2C47F2000382FA /* Main.storyboard */; };
		3EC798241E2C47F2000382FA /* Assets.xcassets in Resources */ = {isa = PBXBuildFile; fileRef = 3EC798231E2C47F2000382FA /* Assets.xcassets */; };
		3EC798271E2C47F2000382FA /* LaunchScreen.storyboard in Resources */ = {isa = PBXBuildFile; fileRef = 3EC798251E2C47F2000382FA /* LaunchScreen.storyboard */; };
		3EC798321E2C47F2000382FA /* CalculatorTests.swift in Sources */ = {isa = PBXBuildFile; fileRef = 3EC798311E2C47F2000382FA /* CalculatorTests.swift */; };
		3EC7983D1E2C47F2000382FA /* CalculatorUITests.swift in Sources */ = {isa = PBXBuildFile; fileRef = 3EC7983C1E2C47F2000382FA /* CalculatorUITests.swift */; };
/* End PBXBuildFile section */

/* Begin PBXContainerItemProxy section */
		3EC7982E1E2C47F2000382FA /* PBXContainerItemProxy */ = {
			isa = PBXContainerItemProxy;
			containerPortal = 3EC798111E2C47F2000382FA /* Project object */;
			proxyType = 1;
			remoteGlobalIDString = 3EC798181E2C47F2000382FA;
			remoteInfo = Calculator;
		};
		3EC798391E2C47F2000382FA /* PBXContainerItemProxy */ = {
			isa = PBXContainerItemProxy;
			containerPortal = 3EC798111E2C47F2000382FA /* Project object */;
			proxyType = 1;
			remoteGlobalIDString = 3EC798181E2C47F2000382FA;
			remoteInfo = Calculator;
		};
/* End PBXContainerItemProxy section */

/* Begin PBXFileReference section */
		3EC798191E2C47F2000382FA /* Calculator.app */ = {isa = PBXFileReference; explicitFileType = wrapper.application; includeInIndex = 0; path = Calculator.app; sourceTree = BUILT_PRODUCTS_DIR; };
		3EC7981C1E2C47F2000382FA /* AppDelegate.swift */ = {isa = PBXFileReference; lastKnownFileType = sourcecode.swift; path = AppDelegate.swift; sourceTree = "<group>"; };
		3EC7981E1E2C47F2000382FA /* ViewController.swift */ = {isa = PBXFileReference; lastKnownFileType = sourcecode.swift; path = ViewController.swift; sourceTree = "<group>"; };
		3EC798211E2C47F2000382FA /* Base */ = {isa = PBXFileReference; lastKnownFileType = file.storyboard; name = Base; path = Base.lproj/Main.storyboard; sourceTree = "<group>"; };
		3EC798231E2C47F2000382FA /* Assets.xcassets */ = {isa = PBXFileReference; lastKnownFileType = folder.assetcatalog; path = Assets.xcassets; sourceTree = "<group>"; };
		3EC798261E2C47F2000382FA /* Base */ = {isa = PBXFileReference; lastKnownFileType = file.storyboard; name = Base; path = Base.lproj/LaunchScreen.storyboard; sourceTree = "<group>"; };
		3EC798281E2C47F2000382FA /* Info.plist */ = {isa = PBXFileReference; lastKnownFileType = text.plist.xml; path = Info.plist; sourceTree = "<group>"; };
		3EC7982D1E2C47F2000382FA /* CalculatorTests.xctest */ = {isa = PBXFileReference; explicitFileType = wrapper.cfbundle; includeInIndex = 0; path = CalculatorTests.xctest; sourceTree = BUILT_PRODUCTS_DIR; };
		3EC798311E2C47F2000382FA /* CalculatorTests.swift */ = {isa = PBXFileReference; lastKnownFileType = sourcecode.swift; path = CalculatorTests.swift; sourceTree = "<group>"; };
		3EC798331E2C47F2000382FA /* Info.plist */ = {isa = PBXFileReference; lastKnownFileType = text.plist.xml; path = Info.plist; sourceTree = "<group>"; };
		3EC798381E2C47F2000382FA /* CalculatorUITests.xctest */ = {isa = PBXFileReference; explicitFileType = wrapper.cfbundle; includeInIndex = 0; path = CalculatorUITests.xctest; sourceTree = BUILT_PRODUCTS_DIR; };
		3EC7983C1E2C47F2000382FA /* CalculatorUITests.swift */ = {isa = PBXFileReference; lastKnownFileType = sourcecode.swift; path = CalculatorUITests.swift; sourceTree = "<group>"; };
		3EC7983E1E2C47F2000382FA /* Info.plist */ = {isa = PBXFileReference; lastKnownFileType = text.plist.xml; path = Info.plist; sourceTree = "<group>"; };
/* End PBXFileReference section */

/* Begin PBXFrameworksBuildPhase section */
		3EC798161E2C47F2000382FA /* Frameworks */ = {
			isa = PBXFrameworksBuildPhase;
			buildActionMask = 2147483647;
			files = (
			);
			runOnlyForDeploymentPostprocessing = 0;
		};
		3EC7982A1E2C47F2000382FA /* Frameworks */ = {
			isa = PBXFrameworksBuildPhase;
			buildActionMask = 2147483647;
			files = (
			);
			runOnlyForDeploymentPostprocessing = 0;
		};
		3EC798351E2C47F2000382FA /* Frameworks */ = {
			isa = PBXFrameworksBuildPhase;
			buildActionMask = 2147483647;
			files = (
			);
			runOnlyForDeploymentPostprocessing = 0;
		};
/* End PBXFrameworksBuildPhase section */

/* Begin PBXGroup section */
		3EC798101E2C47F2000382FA = {
			isa = PBXGroup;
			children = (
				3EC7981B1E2C47F2000382FA /* Calculator */,
				3EC798301E2C47F2000382FA /* CalculatorTests */,
				3EC7983B1E2C47F2000382FA /* CalculatorUITests */,
				3EC7981A1E2C47F2000382FA /* Products */,
			);
			sourceTree = "<group>";
		};
		3EC7981A1E2C47F2000382FA /* Products */ = {
			isa = PBXGroup;
			children = (
				3EC798191E2C47F2000382FA /* Calculator.app */,
				3EC7982D1E2C47F2000382FA /* CalculatorTests.xctest */,
				3EC798381E2C47F2000382FA /* CalculatorUITests.xctest */,
			);
			name = Products;
			sourceTree = "<group>";
		};
		3EC7981B1E2C47F2000382FA /* Calculator */ = {
			isa = PBXGroup;
			children = (
				3EC7981C1E2C47F2000382FA /* AppDelegate.swift */,
				3EC7981E1E2C47F2000382FA /* ViewController.swift */,
				3EC798201E2C47F2000382FA /* Main.storyboard */,
				3EC798231E2C47F2000382FA /* Assets.xcassets */,
				3EC798251E2C47F2000382FA /* LaunchScreen.storyboard */,
				3EC798281E2C47F2000382FA /* Info.plist */,
			);
			path = Calculator;
			sourceTree = "<group>";
		};
		3EC798301E2C47F2000382FA /* CalculatorTests */ = {
			isa = PBXGroup;
			children = (
				3EC798311E2C47F2000382FA /* CalculatorTests.swift */,
				3EC798331E2C47F2000382FA /* Info.plist */,
			);
			path = CalculatorTests;
			sourceTree = "<group>";
		};
		3EC7983B1E2C47F2000382FA /* CalculatorUITests */ = {
			isa = PBXGroup;
			children = (
				3EC7983C1E2C47F2000382FA /* CalculatorUITests.swift */,
				3EC7983E1E2C47F2000382FA /* Info.plist */,
			);
			path = CalculatorUITests;
			sourceTree = "<group>";
		};
/* End PBXGroup section */

/* Begin PBXNativeTarget section */
		3EC798181E2C47F2000382FA /* Calculator */ = {
			isa = PBXNativeTarget;
			buildConfigurationList = 3EC798411E2C47F2000382FA /* Build configuration list for PBXNativeTarget "Calculator" */;
			buildPhases = (
				3EC798151E2C47F2000382FA /* Sources */,
				3EC798161E2C47F2000382FA /* Frameworks */,
				3EC798171E2C47F2000382FA /* Resources */,
			);
			buildRules = (
			);
			dependencies = (
			);
			name = Calculator;
			productName = Calculator;
			productReference = 3EC798191E2C47F2000382FA /* Calculator.app */;
			productType = "com.apple.product-type.application";
		};
		3EC7982C1E2C47F2000382FA /* CalculatorTests */ = {
			isa = PBXNativeTarget;
			buildConfigurationList = 3EC798441E2C47F2000382FA /* Build configuration list for PBXNativeTarget "CalculatorTests" */;
			buildPhases = (
				3EC798291E2C47F2000382FA /* Sources */,
				3EC7982A1E2C47F2000382FA /* Frameworks */,
				3EC7982B1E2C47F2000382FA /* Resources */,
			);
			buildRules = (
			);
			dependencies = (
				3EC7982F1E2C47F2000382FA /* PBXTargetDependency */,
			);
			name = CalculatorTests;
			productName = CalculatorTests;
			productReference = 3EC7982D1E2C47F2000382FA /* CalculatorTests.xctest */;
			productType = "com.apple.product-type.bundle.unit-test";
		};
		3EC798371E2C47F2000382FA /* CalculatorUITests */ = {
			isa = PBXNativeTarget;
			buildConfigurationList = 3EC798471E2C47F2000382FA /* Build configuration list for PBXNativeTarget "CalculatorUITests" */;
			buildPhases = (
				3EC798341E2C47F2000382FA /* Sources */,
				3EC798351E2C47F2000382FA /* Frameworks */,
				3EC798361E2C47F2000382FA /* Resources */,
			);
			buildRules = (
			);
			dependencies = (
				3EC7983A1E2C47F2000382FA /* PBXTargetDependency */,
			);
			name = CalculatorUITests;
			productName = CalculatorUITests;
			productReference = 3EC798381E2C47F2000382FA /* CalculatorUITests.xctest */;
			productType = "com.apple.product-type.bundle.ui-testing";
		};
/* End PBXNativeTarget section */

/* Begin PBXProject section */
		3EC798111E2C47F2000382FA /* Project object */ = {
			isa = PBXProject;
			attributes = {
				LastSwiftUpdateCheck = 0820;
				LastUpgradeCheck = 0820;
				ORGANIZATIONNAME = "Charlton Provatas";
				TargetAttributes = {
					3EC798181E2C47F2000382FA = {
						CreatedOnToolsVersion = 8.2.1;
						DevelopmentTeam = WGS4W54952;
						ProvisioningStyle = Automatic;
					};
					3EC7982C1E2C47F2000382FA = {
						CreatedOnToolsVersion = 8.2.1;
						DevelopmentTeam = WJQ6ARU45L;
						ProvisioningStyle = Automatic;
						TestTargetID = 3EC798181E2C47F2000382FA;
					};
					3EC798371E2C47F2000382FA = {
						CreatedOnToolsVersion = 8.2.1;
						DevelopmentTeam = WJQ6ARU45L;
						ProvisioningStyle = Automatic;
						TestTargetID = 3EC798181E2C47F2000382FA;
					};
				};
			};
			buildConfigurationList = 3EC798141E2C47F2000382FA /* Build configuration list for PBXProject "Calculator" */;
			compatibilityVersion = "Xcode 3.2";
			developmentRegion = English;
			hasScannedForEncodings = 0;
			knownRegions = (
				en,
				Base,
			);
			mainGroup = 3EC798101E2C47F2000382FA;
			productRefGroup = 3EC7981A1E2C47F2000382FA /* Products */;
			projectDirPath = "";
			projectRoot = "";
			targets = (
				3EC798181E2C47F2000382FA /* Calculator */,
				3EC7982C1E2C47F2000382FA /* CalculatorTests */,
				3EC798371E2C47F2000382FA /* CalculatorUITests */,
			);
		};
/* End PBXProject section */

/* Begin PBXResourcesBuildPhase section */
		3EC798171E2C47F2000382FA /* Resources */ = {
			isa = PBXResourcesBuildPhase;
			buildActionMask = 2147483647;
			files = (
				3EC798271E2C47F2000382FA /* LaunchScreen.storyboard in Resources */,
				3EC798241E2C47F2000382FA /* Assets.xcassets in Resources */,
				3EC798221E2C47F2000382FA /* Main.storyboard in Resources */,
			);
			runOnlyForDeploymentPostprocessing = 0;
		};
		3EC7982B1E2C47F2000382FA /* Resources */ = {
			isa = PBXResourcesBuildPhase;
			buildActionMask = 2147483647;
			files = (
			);
			runOnlyForDeploymentPostprocessing = 0;
		};
		3EC798361E2C47F2000382FA /* Resources */ = {
			isa = PBXResourcesBuildPhase;
			buildActionMask = 2147483647;
			files = (
			);
			runOnlyForDeploymentPostprocessing = 0;
		};
/* End PBXResourcesBuildPhase section */

/* Begin PBXSourcesBuildPhase section */
		3EC798151E2C47F2000382FA /* Sources */ = {
			isa = PBXSourcesBuildPhase;
			buildActionMask = 2147483647;
			files = (
				3EC7981F1E2C47F2000382FA /* ViewController.swift in Sources */,
				3EC7981D1E2C47F2000382FA /* AppDelegate.swift in Sources */,
			);
			runOnlyForDeploymentPostprocessing = 0;
		};
		3EC798291E2C47F2000382FA /* Sources */ = {
			isa = PBXSourcesBuildPhase;
			buildActionMask = 2147483647;
			files = (
				3EC798321E2C47F2000382FA /* CalculatorTests.swift in Sources */,
			);
			runOnlyForDeploymentPostprocessing = 0;
		};
		3EC798341E2C47F2000382FA /* Sources */ = {
			isa = PBXSourcesBuildPhase;
			buildActionMask = 2147483647;
			files = (
				3EC7983D1E2C47F2000382FA /* CalculatorUITests.swift in Sources */,
			);
			runOnlyForDeploymentPostprocessing = 0;
		};
/* End PBXSourcesBuildPhase section */

/* Begin PBXTargetDependency section */
		3EC7982F1E2C47F2000382FA /* PBXTargetDependency */ = {
			isa = PBXTargetDependency;
			target = 3EC798181E2C47F2000382FA /* Calculator */;
			targetProxy = 3EC7982E1E2C47F2000382FA /* PBXContainerItemProxy */;
		};
		3EC7983A1E2C47F2000382FA /* PBXTargetDependency */ = {
			isa = PBXTargetDependency;
			target = 3EC798181E2C47F2000382FA /* Calculator */;
			targetProxy = 3EC798391E2C47F2000382FA /* PBXContainerItemProxy */;
		};
/* End PBXTargetDependency section */

/* Begin PBXVariantGroup section */
		3EC798201E2C47F2000382FA /* Main.storyboard */ = {
			isa = PBXVariantGroup;
			children = (
				3EC798211E2C47F2000382FA /* Base */,
			);
			name = Main.storyboard;
			sourceTree = "<group>";
		};
		3EC798251E2C47F2000382FA /* LaunchScreen.storyboard */ = {
			isa = PBXVariantGroup;
			children = (
				3EC798261E2C47F2000382FA /* Base */,
			);
			name = LaunchScreen.storyboard;
			sourceTree = "<group>";
		};
/* End PBXVariantGroup section */

/* Begin XCBuildConfiguration section */
		3EC7983F1E2C47F2000382FA /* Debug */ = {
			isa = XCBuildConfiguration;
			buildSettings = {
				ALWAYS_SEARCH_USER_PATHS = NO;
				CLANG_ANALYZER_NONNULL = YES;
				CLANG_CXX_LANGUAGE_STANDARD = "gnu++0x";
				CLANG_CXX_LIBRARY = "libc++";
				CLANG_ENABLE_MODULES = YES;
				CLANG_ENABLE_OBJC_ARC = YES;
				CLANG_WARN_BOOL_CONVERSION = YES;
				CLANG_WARN_CONSTANT_CONVERSION = YES;
				CLANG_WARN_DIRECT_OBJC_ISA_USAGE = YES_ERROR;
				CLANG_WARN_DOCUMENTATION_COMMENTS = YES;
				CLANG_WARN_EMPTY_BODY = YES;
				CLANG_WARN_ENUM_CONVERSION = YES;
				CLANG_WARN_INFINITE_RECURSION = YES;
				CLANG_WARN_INT_CONVERSION = YES;
				CLANG_WARN_OBJC_ROOT_CLASS = YES_ERROR;
				CLANG_WARN_SUSPICIOUS_MOVE = YES;
				CLANG_WARN_UNREACHABLE_CODE = YES;
				CLANG_WARN__DUPLICATE_METHOD_MATCH = YES;
				"CODE_SIGN_IDENTITY[sdk=iphoneos*]" = "iPhone Developer";
				COPY_PHASE_STRIP = NO;
				DEBUG_INFORMATION_FORMAT = dwarf;
				ENABLE_STRICT_OBJC_MSGSEND = YES;
				ENABLE_TESTABILITY = YES;
				GCC_C_LANGUAGE_STANDARD = gnu99;
				GCC_DYNAMIC_NO_PIC = NO;
				GCC_NO_COMMON_BLOCKS = YES;
				GCC_OPTIMIZATION_LEVEL = 0;
				GCC_PREPROCESSOR_DEFINITIONS = (
					"DEBUG=1",
					"$(inherited)",
				);
				GCC_WARN_64_TO_32_BIT_CONVERSION = YES;
				GCC_WARN_ABOUT_RETURN_TYPE = YES_ERROR;
				GCC_WARN_UNDECLARED_SELECTOR = YES;
				GCC_WARN_UNINITIALIZED_AUTOS = YES_AGGRESSIVE;
				GCC_WARN_UNUSED_FUNCTION = YES;
				GCC_WARN_UNUSED_VARIABLE = YES;
				IPHONEOS_DEPLOYMENT_TARGET = 10.2;
				MTL_ENABLE_DEBUG_INFO = YES;
				ONLY_ACTIVE_ARCH = YES;
				SDKROOT = iphoneos;
				SWIFT_ACTIVE_COMPILATION_CONDITIONS = DEBUG;
				SWIFT_OPTIMIZATION_LEVEL = "-Onone";
			};
			name = Debug;
		};
		3EC798401E2C47F2000382FA /* Release */ = {
			isa = XCBuildConfiguration;
			buildSettings = {
				ALWAYS_SEARCH_USER_PATHS = NO;
				CLANG_ANALYZER_NONNULL = YES;
				CLANG_CXX_LANGUAGE_STANDARD = "gnu++0x";
				CLANG_CXX_LIBRARY = "libc++";
				CLANG_ENABLE_MODULES = YES;
				CLANG_ENABLE_OBJC_ARC = YES;
				CLANG_WARN_BOOL_CONVERSION = YES;
				CLANG_WARN_CONSTANT_CONVERSION = YES;
				CLANG_WARN_DIRECT_OBJC_ISA_USAGE = YES_ERROR;
				CLANG_WARN_DOCUMENTATION_COMMENTS = YES;
				CLANG_WARN_EMPTY_BODY = YES;
				CLANG_WARN_ENUM_CONVERSION = YES;
				CLANG_WARN_INFINITE_RECURSION = YES;
				CLANG_WARN_INT_CONVERSION = YES;
				CLANG_WARN_OBJC_ROOT_CLASS = YES_ERROR;
				CLANG_WARN_SUSPICIOUS_MOVE = YES;
				CLANG_WARN_UNREACHABLE_CODE = YES;
				CLANG_WARN__DUPLICATE_METHOD_MATCH = YES;
				"CODE_SIGN_IDENTITY[sdk=iphoneos*]" = "iPhone Developer";
				COPY_PHASE_STRIP = NO;
				DEBUG_INFORMATION_FORMAT = "dwarf-with-dsym";
				ENABLE_NS_ASSERTIONS = NO;
				ENABLE_STRICT_OBJC_MSGSEND = YES;
				GCC_C_LANGUAGE_STANDARD = gnu99;
				GCC_NO_COMMON_BLOCKS = YES;
				GCC_WARN_64_TO_32_BIT_CONVERSION = YES;
				GCC_WARN_ABOUT_RETURN_TYPE = YES_ERROR;
				GCC_WARN_UNDECLARED_SELECTOR = YES;
				GCC_WARN_UNINITIALIZED_AUTOS = YES_AGGRESSIVE;
				GCC_WARN_UNUSED_FUNCTION = YES;
				GCC_WARN_UNUSED_VARIABLE = YES;
				IPHONEOS_DEPLOYMENT_TARGET = 10.2;
				MTL_ENABLE_DEBUG_INFO = NO;
				SDKROOT = iphoneos;
				SWIFT_OPTIMIZATION_LEVEL = "-Owholemodule";
				VALIDATE_PRODUCT = YES;
			};
			name = Release;
		};
		3EC798421E2C47F2000382FA /* Debug */ = {
			isa = XCBuildConfiguration;
			buildSettings = {
				ASSETCATALOG_COMPILER_APPICON_NAME = AppIcon;
				DEVELOPMENT_TEAM = WGS4W54952;
				INFOPLIST_FILE = Calculator/Info.plist;
				LD_RUNPATH_SEARCH_PATHS = "$(inherited) @executable_path/Frameworks";
				PRODUCT_BUNDLE_IDENTIFIER = com.charltonprovatas.Calculator;
				PRODUCT_NAME = "$(TARGET_NAME)";
				SWIFT_VERSION = 3.0;
			};
			name = Debug;
		};
		3EC798431E2C47F2000382FA /* Release */ = {
			isa = XCBuildConfiguration;
			buildSettings = {
				ASSETCATALOG_COMPILER_APPICON_NAME = AppIcon;
				DEVELOPMENT_TEAM = WGS4W54952;
				INFOPLIST_FILE = Calculator/Info.plist;
				LD_RUNPATH_SEARCH_PATHS = "$(inherited) @executable_path/Frameworks";
				PRODUCT_BUNDLE_IDENTIFIER = com.charltonprovatas.Calculator;
				PRODUCT_NAME = "$(TARGET_NAME)";
				SWIFT_VERSION = 3.0;
			};
			name = Release;
		};
		3EC798451E2C47F2000382FA /* Debug */ = {
			isa = XCBuildConfiguration;
			buildSettings = {
				ALWAYS_EMBED_SWIFT_STANDARD_LIBRARIES = YES;
				BUNDLE_LOADER = "$(TEST_HOST)";
				DEVELOPMENT_TEAM = WJQ6ARU45L;
				INFOPLIST_FILE = CalculatorTests/Info.plist;
				LD_RUNPATH_SEARCH_PATHS = "$(inherited) @executable_path/Frameworks @loader_path/Frameworks";
				PRODUCT_BUNDLE_IDENTIFIER = com.charltonprovatas.CalculatorTests;
				PRODUCT_NAME = "$(TARGET_NAME)";
				SWIFT_VERSION = 3.0;
				TEST_HOST = "$(BUILT_PRODUCTS_DIR)/Calculator.app/Calculator";
			};
			name = Debug;
		};
		3EC798461E2C47F2000382FA /* Release */ = {
			isa = XCBuildConfiguration;
			buildSettings = {
				ALWAYS_EMBED_SWIFT_STANDARD_LIBRARIES = YES;
				BUNDLE_LOADER = "$(TEST_HOST)";
				DEVELOPMENT_TEAM = WJQ6ARU45L;
				INFOPLIST_FILE = CalculatorTests/Info.plist;
				LD_RUNPATH_SEARCH_PATHS = "$(inherited) @executable_path/Frameworks @loader_path/Frameworks";
				PRODUCT_BUNDLE_IDENTIFIER = com.charltonprovatas.CalculatorTests;
				PRODUCT_NAME = "$(TARGET_NAME)";
				SWIFT_VERSION = 3.0;
				TEST_HOST = "$(BUILT_PRODUCTS_DIR)/Calculator.app/Calculator";
			};
			name = Release;
		};
		3EC798481E2C47F2000382FA /* Debug */ = {
			isa = XCBuildConfiguration;
			buildSettings = {
				ALWAYS_EMBED_SWIFT_STANDARD_LIBRARIES = YES;
				DEVELOPMENT_TEAM = WJQ6ARU45L;
				INFOPLIST_FILE = CalculatorUITests/Info.plist;
				LD_RUNPATH_SEARCH_PATHS = "$(inherited) @executable_path/Frameworks @loader_path/Frameworks";
				PRODUCT_BUNDLE_IDENTIFIER = com.charltonprovatas.CalculatorUITests;
				PRODUCT_NAME = "$(TARGET_NAME)";
				SWIFT_VERSION = 3.0;
				TEST_TARGET_NAME = Calculator;
			};
			name = Debug;
		};
		3EC798491E2C47F2000382FA /* Release */ = {
			isa = XCBuildConfiguration;
			buildSettings = {
				ALWAYS_EMBED_SWIFT_STANDARD_LIBRARIES = YES;
				DEVELOPMENT_TEAM = WJQ6ARU45L;
				INFOPLIST_FILE = CalculatorUITests/Info.plist;
				LD_RUNPATH_SEARCH_PATHS = "$(inherited) @executable_path/Frameworks @loader_path/Frameworks";
				PRODUCT_BUNDLE_IDENTIFIER = com.charltonprovatas.CalculatorUITests;
				PRODUCT_NAME = "$(TARGET_NAME)";
				SWIFT_VERSION = 3.0;
				TEST_TARGET_NAME = Calculator;
			};
			name = Release;
		};
/* End XCBuildConfiguration section */

/* Begin XCConfigurationList section */
		3EC798141E2C47F2000382FA /* Build configuration list for PBXProject "Calculator" */ = {
			isa = XCConfigurationList;
			buildConfigurations = (
				3EC7983F1E2C47F2000382FA /* Debug */,
				3EC798401E2C47F2000382FA /* Release */,
			);
			defaultConfigurationIsVisible = 0;
			defaultConfigurationName = Release;
		};
		3EC798411E2C47F2000382FA /* Build configuration list for PBXNativeTarget "Calculator" */ = {
			isa = XCConfigurationList;
			buildConfigurations = (
				3EC798421E2C47F2000382FA /* Debug */,
				3EC798431E2C47F2000382FA /* Release */,
			);
			defaultConfigurationIsVisible = 0;
			defaultConfigurationName = Release;
		};
		3EC798441E2C47F2000382FA /* Build configuration list for PBXNativeTarget "CalculatorTests" */ = {
			isa = XCConfigurationList;
			buildConfigurations = (
				3EC798451E2C47F2000382FA /* Debug */,
				3EC798461E2C47F2000382FA /* Release */,
			);
			defaultConfigurationIsVisible = 0;
			defaultConfigurationName = Release;
		};
		3EC798471E2C47F2000382FA /* Build configuration list for PBXNativeTarget "CalculatorUITests" */ = {
			isa = XCConfigurationList;
			buildConfigurations = (
				3EC798481E2C47F2000382FA /* Debug */,
				3EC798491E2C47F2000382FA /* Release */,
			);
			defaultConfigurationIsVisible = 0;
			defaultConfigurationName = Release;
		};
/* End XCConfigurationList section */
	};
	rootObject = 3EC798111E2C47F2000382FA /* Project object */;
}
